{
  "name": "sockudo-load-tests",
  "version": "1.0.0",
  "lockfileVersion": 3,
  "requires": true,
  "packages": {
    "": {
      "name": "sockudo-load-tests",
      "version": "1.0.0",
      "dependencies": {
        "k6": "^0.0.0",
        "prom-client": "^15.0.0",
        "pusher-js": "^8.3.0",
        "systeminformation": "^5.21.20",
        "ws": "^8.14.2"
      },
      "devDependencies": {
        "@types/k6": "^0.47.1"
      }
    },
    "node_modules/@opentelemetry/api": {
      "version": "1.9.0",
      "resolved": "https://registry.npmjs.org/@opentelemetry/api/-/api-1.9.0.tgz",
      "integrity": "sha512-3giAOQvZiH5F9bMlMiv8+GSPMeqg0dbaeo58/0SlA9sxSqZhnUtxzX9/2FzyhS9sWQf5S0GJE0AKBrFqjpeYcg==",
      "license": "Apache-2.0",
      "engines": {
        "node": ">=8.0.0"
      }
    },
    "node_modules/@types/k6": {
      "version": "0.47.3",
      "resolved": "https://registry.npmjs.org/@types/k6/-/k6-0.47.3.tgz",
      "integrity": "sha512-5epuxqaZ6oFYMDuzIK9H7GxJfApkCPiupiF5cKTfJvetmsImP/3F2nS22DoJ7/2XoieTLSffR8yyicGco9dpMw==",
      "dev": true,
      "license": "MIT"
    },
    "node_modules/bintrees": {
      "version": "1.0.2",
      "resolved": "https://registry.npmjs.org/bintrees/-/bintrees-1.0.2.tgz",
      "integrity": "sha512-VOMgTMwjAaUG580SXn3LacVgjurrbMme7ZZNYGSSV7mmtY6QQRh0Eg3pwIcntQ77DErK1L0NxkbetjcoXzVwKw==",
      "license": "MIT"
    },
    "node_modules/k6": {
      "version": "0.0.0",
      "resolved": "https://registry.npmjs.org/k6/-/k6-0.0.0.tgz",
      "integrity": "sha512-GAQSWayS2+LjbH5bkRi+pMPYyP1JSp7o+4j58ANZ762N/RH/SdlAT3CHHztnn8s/xgg8kYNM24Gd2IPo9b5W+g==",
      "license": "AGPL-3.0"
    },
    "node_modules/prom-client": {
      "version": "15.1.3",
      "resolved": "https://registry.npmjs.org/prom-client/-/prom-client-15.1.3.tgz",
      "integrity": "sha512-6ZiOBfCywsD4k1BN9IX0uZhF+tJkV8q8llP64G5Hajs4JOeVLPCwpPVcpXy3BwYiUGgyJzsJJQeOIv7+hDSq8g==",
      "license": "Apache-2.0",
      "dependencies": {
        "@opentelemetry/api": "^1.4.0",
        "tdigest": "^0.1.1"
      },
      "engines": {
        "node": "^16 || ^18 || >=20"
      }
    },
    "node_modules/pusher-js": {
      "version": "8.4.0",
      "resolved": "https://registry.npmjs.org/pusher-js/-/pusher-js-8.4.0.tgz",
      "integrity": "sha512-wp3HqIIUc1GRyu1XrP6m2dgyE9MoCsXVsWNlohj0rjSkLf+a0jLvEyVubdg58oMk7bhjBWnFClgp8jfAa6Ak4Q==",
      "license": "MIT",
      "dependencies": {
        "tweetnacl": "^1.0.3"
      }
    },
    "node_modules/systeminformation": {
      "version": "5.27.7",
      "resolved": "https://registry.npmjs.org/systeminformation/-/systeminformation-5.27.7.tgz",
      "integrity": "sha512-saaqOoVEEFaux4v0K8Q7caiauRwjXC4XbD2eH60dxHXbpKxQ8kH9Rf7Jh+nryKpOUSEFxtCdBlSUx0/lO6rwRg==",
      "license": "MIT",
      "os": [
        "darwin",
        "linux",
        "win32",
        "freebsd",
        "openbsd",
        "netbsd",
        "sunos",
        "android"
      ],
      "bin": {
        "systeminformation": "lib/cli.js"
      },
      "engines": {
        "node": ">=8.0.0"
      },
      "funding": {
        "type": "Buy me a coffee",
        "url": "https://www.buymeacoffee.com/systeminfo"
      }
    },
    "node_modules/tdigest": {
      "version": "0.1.2",
      "resolved": "https://registry.npmjs.org/tdigest/-/tdigest-0.1.2.tgz",
      "integrity": "sha512-+G0LLgjjo9BZX2MfdvPfH+MKLCrxlXSYec5DaPYP1fe6Iyhf0/fSmJ0bFiZ1F8BT6cGXl2LpltQptzjXKWEkKA==",
      "license": "MIT",
      "dependencies": {
        "bintrees": "1.0.2"
      }
    },
    "node_modules/tweetnacl": {
      "version": "1.0.3",
      "resolved": "https://registry.npmjs.org/tweetnacl/-/tweetnacl-1.0.3.tgz",
      "integrity": "sha512-6rt+RN7aOi1nGMyC4Xa5DdYiukl2UWCbcJft7YhxReBGQD7OAM8Pbxw6YMo4r2diNEA8FEmu32YOn9rhaiE5yw==",
      "license": "Unlicense"
    },
    "node_modules/ws": {
      "version": "8.18.3",
      "resolved": "https://registry.npmjs.org/ws/-/ws-8.18.3.tgz",
      "integrity": "sha512-PEIGCY5tSlUt50cqyMXfCzX+oOPqN0vuGqWzbcJ2xvnkzkq46oOpz7dQaTDBdfICb4N14+GARUDw2XV2N4tvzg==",
      "license": "MIT",
      "engines": {
        "node": ">=10.0.0"
      },
      "peerDependencies": {
        "bufferutil": "^4.0.1",
        "utf-8-validate": ">=5.0.2"
      },
      "peerDependenciesMeta": {
        "bufferutil": {
          "optional": true
        },
        "utf-8-validate": {
          "optional": true
        }
      }
    }
  }
}
